
Microsoft Visual Studio Solution File, Format Version 12.00
# Visual Studio 15
VisualStudioVersion = 15.0.28307.757
MinimumVisualStudioVersion = 10.0.40219.1
Project("{FAE04EC0-301F-11D3-BF4B-00C04F79EFBC}") = "Guardian.Web.UI", "Guardian.Web.UI\Guardian.Web.UI.csproj", "{7ACC6B27-5781-47C7-B091-CDC2F405E31C}"
EndProject
Project("{FAE04EC0-301F-11D3-BF4B-00C04F79EFBC}") = "Guardian.Domain", "Guardian.Domain\Guardian.Domain.csproj", "{331885D5-121E-4FE1-B1BD-2F9D57B5C042}"
EndProject
Project("{FAE04EC0-301F-11D3-BF4B-00C04F79EFBC}") = "Guardian.Infrastructure", "Guardian.Infrastructure\Guardian.Infrastructure.csproj", "{4EA99102-F3B4-4FE0-A7C2-02879D88FF9D}"
EndProject
Global
	GlobalSection(SolutionConfigurationPlatforms) = preSolution
		Debug|Any CPU = Debug|Any CPU
		Release|Any CPU = Release|Any CPU
	EndGlobalSection
	GlobalSection(ProjectConfigurationPlatforms) = postSolution
		{7ACC6B27-5781-47C7-B091-CDC2F405E31C}.Debug|Any CPU.ActiveCfg = Debug|Any CPU
		{7ACC6B27-5781-47C7-B091-CDC2F405E31C}.Debug|Any CPU.Build.0 = Debug|Any CPU
		{7ACC6B27-5781-47C7-B091-CDC2F405E31C}.Release|Any CPU.ActiveCfg = Release|Any CPU
		{7ACC6B27-5781-47C7-B091-CDC2F405E31C}.Release|Any CPU.Build.0 = Release|Any CPU
		{331885D5-121E-4FE1-B1BD-2F9D57B5C042}.Debug|Any CPU.ActiveCfg = Debug|Any CPU
		{331885D5-121E-4FE1-B1BD-2F9D57B5C042}.Debug|Any CPU.Build.0 = Debug|Any CPU
		{331885D5-121E-4FE1-B1BD-2F9D57B5C042}.Release|Any CPU.ActiveCfg = Release|Any CPU
		{331885D5-121E-4FE1-B1BD-2F9D57B5C042}.Release|Any CPU.Build.0 = Release|Any CPU
		{4EA99102-F3B4-4FE0-A7C2-02879D88FF9D}.Debug|Any CPU.ActiveCfg = Debug|Any CPU
		{4EA99102-F3B4-4FE0-A7C2-02879D88FF9D}.Debug|Any CPU.Build.0 = Debug|Any CPU
		{4EA99102-F3B4-4FE0-A7C2-02879D88FF9D}.Release|Any CPU.ActiveCfg = Release|Any CPU
		{4EA99102-F3B4-4FE0-A7C2-02879D88FF9D}.Release|Any CPU.Build.0 = Release|Any CPU
	EndGlobalSection
	GlobalSection(SolutionProperties) = preSolution
		HideSolutionNode = FALSE
	EndGlobalSection
	GlobalSection(ExtensibilityGlobals) = postSolution
		SolutionGuid = {98E690D8-8EBB-4ED0-B747-6F85685CAFD3}
	EndGlobalSection
EndGlobal
