
Microsoft Visual Studio Solution File, Format Version 12.00
# Visual Studio Version 16
VisualStudioVersion = 16.0.29503.13
MinimumVisualStudioVersion = 10.0.40219.1
Project("{9A19103F-16F7-4668-BE54-9A1E7A4F7556}") = "Guardian.Web.UI", "Guardian.Web.UI\Guardian.Web.UI.csproj", "{7ACC6B27-5781-47C7-B091-CDC2F405E31C}"
EndProject
Project("{9A19103F-16F7-4668-BE54-9A1E7A4F7556}") = "Guardian.Domain", "Guardian.Domain\Guardian.Domain.csproj", "{331885D5-121E-4FE1-B1BD-2F9D57B5C042}"
EndProject
Project("{9A19103F-16F7-4668-BE54-9A1E7A4F7556}") = "Guardian.Infrastructure", "Guardian.Infrastructure\Guardian.Infrastructure.csproj", "{4EA99102-F3B4-4FE0-A7C2-02879D88FF9D}"
EndProject
Project("{FAE04EC0-301F-11D3-BF4B-00C04F79EFBC}") = "Guardian.Tests", "Guardian.Tests\Guardian.Tests.csproj", "{2D397679-9060-4629-BBAF-85A0D2F48CEE}"
EndProject
Project("{2150E333-8FDC-42A3-9474-1A3956D46DE8}") = "test", "test", "{BE24B5F6-FAB8-4CC3-97FB-C7CB83DE1325}"
EndProject
Project("{2150E333-8FDC-42A3-9474-1A3956D46DE8}") = "src", "src", "{8C2DB7BA-DA50-48C5-A46A-4F1ABEABDC88}"
EndProject
Global
	GlobalSection(SolutionConfigurationPlatforms) = preSolution
		Debug|Any CPU = Debug|Any CPU
		Release|Any CPU = Release|Any CPU
	EndGlobalSection
	GlobalSection(ProjectConfigurationPlatforms) = postSolution
		{7ACC6B27-5781-47C7-B091-CDC2F405E31C}.Debug|Any CPU.ActiveCfg = Debug|Any CPU
		{7ACC6B27-5781-47C7-B091-CDC2F405E31C}.Debug|Any CPU.Build.0 = Debug|Any CPU
		{7ACC6B27-5781-47C7-B091-CDC2F405E31C}.Release|Any CPU.ActiveCfg = Release|Any CPU
		{7ACC6B27-5781-47C7-B091-CDC2F405E31C}.Release|Any CPU.Build.0 = Release|Any CPU
		{331885D5-121E-4FE1-B1BD-2F9D57B5C042}.Debug|Any CPU.ActiveCfg = Debug|Any CPU
		{331885D5-121E-4FE1-B1BD-2F9D57B5C042}.Debug|Any CPU.Build.0 = Debug|Any CPU
		{331885D5-121E-4FE1-B1BD-2F9D57B5C042}.Release|Any CPU.ActiveCfg = Release|Any CPU
		{331885D5-121E-4FE1-B1BD-2F9D57B5C042}.Release|Any CPU.Build.0 = Release|Any CPU
		{4EA99102-F3B4-4FE0-A7C2-02879D88FF9D}.Debug|Any CPU.ActiveCfg = Debug|Any CPU
		{4EA99102-F3B4-4FE0-A7C2-02879D88FF9D}.Debug|Any CPU.Build.0 = Debug|Any CPU
		{4EA99102-F3B4-4FE0-A7C2-02879D88FF9D}.Release|Any CPU.ActiveCfg = Release|Any CPU
		{4EA99102-F3B4-4FE0-A7C2-02879D88FF9D}.Release|Any CPU.Build.0 = Release|Any CPU
		{2D397679-9060-4629-BBAF-85A0D2F48CEE}.Debug|Any CPU.ActiveCfg = Debug|Any CPU
		{2D397679-9060-4629-BBAF-85A0D2F48CEE}.Debug|Any CPU.Build.0 = Debug|Any CPU
		{2D397679-9060-4629-BBAF-85A0D2F48CEE}.Release|Any CPU.ActiveCfg = Release|Any CPU
		{2D397679-9060-4629-BBAF-85A0D2F48CEE}.Release|Any CPU.Build.0 = Release|Any CPU
	EndGlobalSection
	GlobalSection(SolutionProperties) = preSolution
		HideSolutionNode = FALSE
	EndGlobalSection
	GlobalSection(NestedProjects) = preSolution
		{7ACC6B27-5781-47C7-B091-CDC2F405E31C} = {8C2DB7BA-DA50-48C5-A46A-4F1ABEABDC88}
		{331885D5-121E-4FE1-B1BD-2F9D57B5C042} = {8C2DB7BA-DA50-48C5-A46A-4F1ABEABDC88}
		{4EA99102-F3B4-4FE0-A7C2-02879D88FF9D} = {8C2DB7BA-DA50-48C5-A46A-4F1ABEABDC88}
		{2D397679-9060-4629-BBAF-85A0D2F48CEE} = {BE24B5F6-FAB8-4CC3-97FB-C7CB83DE1325}
	EndGlobalSection
	GlobalSection(ExtensibilityGlobals) = postSolution
		SolutionGuid = {98E690D8-8EBB-4ED0-B747-6F85685CAFD3}
	EndGlobalSection
EndGlobal
